{
  "name": "artist-repetition-lab",
  "lockfileVersion": 3,
  "requires": true,
  "packages": {
    "": {
      "name": "artist-repetition-lab",
      "dependencies": {
        "d3": "4.7.4"
      },
      "devDependencies": {
        "esbuild": "0.25.5"
      }
    },
    "node_modules/@esbuild/linux-x64": {
      "version": "0.25.5",
      "resolved": "https://registry.npmjs.org/@esbuild/linux-x64/-/linux-x64-0.25.5.tgz",
      "integrity": "sha512-uhj8N2obKTE6pSZ+aMUbqq+1nXxNjZIIjCjGLfsWvVpy7gKCOL6rsY1MhRh9zLtUtAI7vpgLMK6DxjO8Qm9lJw==",
      "cpu": [
        "x64"
      ],
      "license": "MIT",
      "optional": true,
      "os": [
        "linux"
      ],
      "engines": {
        "node": ">=18"
      }
    },
    "node_modules/commander": {
      "version": "2.20.3",
      "resolved": "https://registry.npmjs.org/commander/-/commander-2.20.3.tgz",
      "integrity": "sha512-GpVkmM8vF2vQUkj2LvZmD35JxeJOLCwJ9cUkugyk2nuhbv3+mJvpLYYt+0+USMxE+oj+ey/lJEnhZw75x/OMcQ==",
      "license": "MIT"
    },
    "node_modules/d3": {
      "version": "4.7.4",
      "resolved": "https://registry.npmjs.org/d3/-/d3-4.7.4.tgz",
      "integrity": "sha512-/uJRiJPSKblCf1jyCQFeQR/aXSDBVLap9b39ZQENBeY+3ltHsYRurs596fjSH+4hl7/Or/jTJQ0OEV+nOl1aVA==",
      "license": "BSD-3-Clause",
      "dependencies": {
        "d3-array": "1.1.1",
        "d3-axis": "1.0.6",
        "d3-brush": "1.0.4",
        "d3-chord": "1.0.4",
        "d3-collection": "1.0.3",
        "d3-color": "1.0.3",
        "d3-dispatch": "1.0.3",
        "d3-drag": "1.0.4",
        "d3-dsv": "1.0.5",
        "d3-ease": "1.0.3",
        "d3-force": "1.0.6",
        "d3-format": "1.1.1",
        "d3-geo": "1.6.3",
        "d3-hierarchy": "1.1.4",
        "d3-interpolate": "1.1.4",
        "d3-path": "1.0.5",
        "d3-polygon": "1.0.3",
        "d3-quadtree": "1.0.3",
        "d3-queue": "3.0.5",
        "d3-random": "1.0.3",
        "d3-request": "1.0.5",
        "d3-scale": "1.0.5",
        "d3-selection": "1.0.5",
        "d3-shape": "1.0.6",
        "d3-time": "1.0.6",
        "d3-time-format": "2.0.5",
        "d3-timer": "1.0.5",
        "d3-transition": "1.0.4",
        "d3-voronoi": "1.1.2",
        "d3-zoom": "1.1.4"
      }
    },
    "node_modules/d3-array": {
      "version": "1.1.1",
      "resolved": "https://registry.npmjs.org/d3-array/-/d3-array-1.1.1.tgz",
      "integrity": "sha512-uzwCaJeFksqIlV8YpeofJrnXUdv6k0oyBPQnGrkZ7S0yXptZRppMosr8/IEWVofu6znlG/fUHh71AVNWPN4x1g==",
      "license": "BSD-3-Clause"
    },
    "node_modules/d3-axis": {
      "version": "1.0.6",
      "resolved": "https://registry.npmjs.org/d3-axis/-/d3-axis-1.0.6.tgz",
      "integrity": "sha512-e7/w8QcfWQmzmwoDssJ/cCSxYU/pP5E9M5PPNMBN/StHOT9co0lColglCZKyE5AhGDwuTzVwKDFMpCqjipZJ5w==",
      "license": "BSD-3-Clause"
    },
    "node_modules/d3-brush": {
      "version": "1.0.4",
      "resolved": "https://registry.npmjs.org/d3-brush/-/d3-brush-1.0.4.tgz",
      "integrity": "sha512-nUFueDzOlvwFvuOBynGSyJM7Wt1H9fKgJeoWFSg3ScS4c7FJBch92FKUJKum4xtgPYHdgH2C3bRg3GzSVltCJQ==",
      "license": "BSD-3-Clause",
      "dependencies": {
        "d3-dispatch": "1",
        "d3-drag": "1",
        "d3-interpolate": "1",
        "d3-selection": "1",
        "d3-transition": "1"
      }
    },
    "node_modules/d3-chord": {
      "version": "1.0.4",
      "resolved": "https://registry.npmjs.org/d3-chord/-/d3-chord-1.0.4.tgz",
      "integrity": "sha512-o0ExexkK1N0KikUakKrQwttP5Flu8AYD6iBUh3AdPJqnTh6xlvcX5wFRuuo29sLOAr9+T4yZPUH1S3CCQJ1SlQ==",
      "license": "BSD-3-Clause",
      "dependencies": {
        "d3-array": "1",
        "d3-path": "1"
      }
    },
    "node_modules/d3-collection": {
      "version": "1.0.3",
      "resolved": "https://registry.npmjs.org/d3-collection/-/d3-collection-1.0.3.tgz",
      "integrity": "sha512-67PdB9VqrFHKEu5/s6iaD98LZbMxsZ3koN27qt0Im05BuSLSKfjsRgElxvmMKxCwdNTplEtFXEwu/hPLvyHNPQ==",
      "license": "BSD-3-Clause"
    },
    "node_modules/d3-color": {
      "version": "1.0.3",
      "resolved": "https://registry.npmjs.org/d3-color/-/d3-color-1.0.3.tgz",
      "integrity": "sha512-t+rSOrshj6m2AUOe8kHvTwfUQ5TFoInEkBfmsHHAHPof58dmbRXNpicB7XAyPbMQbcC7i09p2BxeCEdgBd8xmw==",
      "license": "BSD-3-Clause"
    },
    "node_modules/d3-dispatch": {
      "version": "1.0.3",
      "resolved": "https://registry.npmjs.org/d3-dispatch/-/d3-dispatch-1.0.3.tgz",
      "integrity": "sha512-Qh2DR3neW3lq/ug4oymXHYoIsA91nYt47ERb+fPKjRg6zLij06aP7KqHHl2NyziK9ASxrR3GLkHCtZvXe/jMVg==",
      "license": "BSD-3-Clause"
    },
    "node_modules/d3-drag": {
      "version": "1.0.4",
      "resolved": "https://registry.npmjs.org/d3-drag/-/d3-drag-1.0.4.tgz",
      "integrity": "sha512-ReaMj8O9KqHMJlnH0Cr3MiDytginDsB6GhREP8GwNq1Si9RvUIowWQBe85RtbrLJRdMqSiR/IcUFxIhG9UbtuA==",
      "license": "BSD-3-Clause",
      "dependencies": {
        "d3-dispatch": "1",
        "d3-selection": "1"
      }
    },
    "node_modules/d3-dsv": {
      "version": "1.0.5",
      "resolved": "https://registry.npmjs.org/d3-dsv/-/d3-dsv-1.0.5.tgz",
      "integrity": "sha512-6qr37b/s20wNsdBZrxZdY/xQACWzYtW1mapID83TSGR7SKRb6p2UPsU6nDvZKNuLOM7fUYAYtevkeq6odcbp1A==",
      "license": "BSD-3-Clause",
      "dependencies": {
        "commander": "2",
        "iconv-lite": "0.4",
        "rw": "1"
      },
      "bin": {
        "csv2json": "bin/dsv2json",
        "csv2tsv": "bin/dsv2dsv",
        "dsv2dsv": "bin/dsv2dsv",
        "dsv2json": "bin/dsv2json",
        "json2csv": "bin/json2dsv",
        "json2dsv": "bin/json2dsv",
        "json2tsv": "bin/json2dsv",
        "tsv2csv": "bin/dsv2dsv",
        "tsv2json": "bin/dsv2json"
      }
    },
    "node_modules/d3-ease": {
      "version": "1.0.3",
      "resolved": "https://registry.npmjs.org/d3-ease/-/d3-ease-1.0.3.tgz",
      "integrity": "sha512-io3QwOJwVPAxRF2UXpKpCdz2wm/7VLFCQQ1yy+GzX6YCtt3vi2BGnimI8agSF5jyUrHsADyF303d2S+ps7zU8w==",
      "license": "BSD-3-Clause"
    },
    "node_modules/d3-force": {
      "version": "1.0.6",
      "resolved": "https://registry.npmjs.org/d3-force/-/d3-force-1.0.6.tgz",
      "integrity": "sha512-+uDMMLAmKUdzQOhaMQAXok9e4fSOMWjkqA2F4Uz0mgmK0dOkSxAfViuhj5oSFpoEZG3OTlO7cvMzZ45fYN60PQ==",
      "license": "BSD-3-Clause",
      "dependencies": {
        "d3-collection": "1",
        "d3-dispatch": "1",
        "d3-quadtree": "1",
        "d3-timer": "1"
      }
    },
    "node_modules/d3-format": {
      "version": "1.1.1",
      "resolved": "https://registry.npmjs.org/d3-format/-/d3-format-1.1.1.tgz",
      "integrity": "sha512-aJw7fiiwRjy17+zL7y0/Ntl7Gkrhp25pI5PidtN6eGE7BS8aOPZ3v0kK7WjYijC1xSQyZX4bCR3XPCVcGtU+pA==",
      "license": "BSD-3-Clause"
    },
    "node_modules/d3-geo": {
      "version": "1.6.3",
      "resolved": "https://registry.npmjs.org/d3-geo/-/d3-geo-1.6.3.tgz",
      "integrity": "sha512-Sat4T+brCBbHPuFytEJoyoytfPgjDZqPkJhiinenByxTPTkKLWduKsxDtyUpuVgDp1njkjfWHQoolplCiHU1Mw==",
      "license": "BSD-3-Clause",
      "dependencies": {
        "d3-array": "1"
      }
    },
    "node_modules/d3-hierarchy": {
      "version": "1.1.4",
      "resolved": "https://registry.npmjs.org/d3-hierarchy/-/d3-hierarchy-1.1.4.tgz",
      "integrity": "sha512-shnrBBQvNwEBEWscVoYN9Ty55/QIraeECL4YBio/VS+3+Bg56t55uxUrwx4HbJVycDIHTTemtZAlq3OWyeTowA==",
      "license": "BSD-3-Clause"
    },
    "node_modules/d3-interpolate": {
      "version": "1.1.4",
      "resolved": "https://registry.npmjs.org/d3-interpolate/-/d3-interpolate-1.1.4.tgz",
      "integrity": "sha512-JZupwu+7yojDZB6aQINcN72f2keDCWgcjI//zpPcFOo2m2eetc2m9Zvy4a2+np+SN9ppO4Y5Agz35D7g6n3BeA==",
      "license": "BSD-3-Clause",
      "dependencies": {
        "d3-color": "1"
      }
    },
    "node_modules/d3-path": {
      "version": "1.0.5",
      "resolved": "https://registry.npmjs.org/d3-path/-/d3-path-1.0.5.tgz",
      "integrity": "sha512-eD76prgnTKYkLzHlY2UMyOEZXTpC+WOanCr1BLxo38w4fPPPq/LgCFqRQvqFU3AJngfZmmKR7rgKPZ4EGJ9Atw==",
      "license": "BSD-3-Clause"
    },
    "node_modules/d3-polygon": {
      "version": "1.0.3",
      "resolved": "https://registry.npmjs.org/d3-polygon/-/d3-polygon-1.0.3.tgz",
      "integrity": "sha512-2zP7GOvf4XOWTeQouK7fCO534yQxyhYYTw6GTqcXifIalHgA6qV/es+4GRQii9m6XxEPFcht4loobD/o2iEo1A==",
      "license": "BSD-3-Clause"
    },
    "node_modules/d3-quadtree": {
      "version": "1.0.3",
      "resolved": "https://registry.npmjs.org/d3-quadtree/-/d3-quadtree-1.0.3.tgz",
      "integrity": "sha512-U2Jc3jF3JOBGXIOnvWY9C4ekRwRX9hEVpMMmeduJyaxAwPmoe7t84iZFTLn1RwYOyrXxJF55H/Hrg186TFQQdw==",
      "license": "BSD-3-Clause"
    },
    "node_modules/d3-queue": {
      "version": "3.0.5",
      "resolved": "https://registry.npmjs.org/d3-queue/-/d3-queue-3.0.5.tgz",
      "integrity": "sha512-JeT5MF36w868TeG6MFoYFVsgJpFjRhTefZt98+yhSS5nZmZoPS0zCDGDc3s7AnIqH+V5gIzJqcAVsIhl2vmRxQ==",
      "license": "BSD-3-Clause"
    },
    "node_modules/d3-random": {
      "version": "1.0.3",
      "resolved": "https://registry.npmjs.org/d3-random/-/d3-random-1.0.3.tgz",
      "integrity": "sha512-2mTvJgX7YPvEkGZmfCrZyciwHqzO5aCAAtkG0UzwCuOvOKEYab3PbxHH4xIYyVAzzHmt5YQxOfgTxpngkgJETQ==",
      "license": "BSD-3-Clause"
    },
    "node_modules/d3-request": {
      "version": "1.0.5",
      "resolved": "https://registry.npmjs.org/d3-request/-/d3-request-1.0.5.tgz",
      "integrity": "sha512-rbQNPhemJq4NKGSzvYu7gjAsd87WgDQNGve3o54Zdf01pFg3zg1VZeivQG1OokP/BXkPv8twpvZdhXzi+TWDBQ==",
      "license": "BSD-3-Clause",
      "dependencies": {
        "d3-collection": "1",
        "d3-dispatch": "1",
        "d3-dsv": "1",
        "xmlhttprequest": "1"
      }
    },
    "node_modules/d3-scale": {
      "version": "1.0.5",
      "resolved": "https://registry.npmjs.org/d3-scale/-/d3-scale-1.0.5.tgz",
      "integrity": "sha512-ioGUAaAoYa/nVgi9NvxfrFlBvdhiEQaLxtOmggwsP5cn7wiz62YFeS1uVW7lLPlzUI1GgjwuSBImxbHYbvW1lg==",
      "license": "BSD-3-Clause",
      "dependencies": {
        "d3-array": "1",
        "d3-collection": "1",
        "d3-color": "1",
        "d3-format": "1",
        "d3-interpolate": "1",
        "d3-time": "1",
        "d3-time-format": "2"
      }
    },
    "node_modules/d3-selection": {
      "version": "1.0.5",
      "resolved": "https://registry.npmjs.org/d3-selection/-/d3-selection-1.0.5.tgz",
      "integrity": "sha512-680dz69pALOWHPM7AQB6UoF+sOCBTAzAX5H9ioZKrNPE98DTrkKJf+sABhJ8V3ZEFehD+/GsEr475d/ioyZ4PA==",
      "license": "BSD-3-Clause"
    },
    "node_modules/d3-shape": {
      "version": "1.0.6",
      "resolved": "https://registry.npmjs.org/d3-shape/-/d3-shape-1.0.6.tgz",
      "integrity": "sha512-7cazlkh7DuLGJLRQK2rHS+E01J22HLriofOJbpziR5aAQjV8Yk0MPtUbSwzSEfCHjyMRdWqc3b4DvboAfW8ZQQ==",
      "license": "BSD-3-Clause",
      "dependencies": {
        "d3-path": "1"
      }
    },
    "node_modules/d3-time": {
      "version": "1.0.6",
      "resolved": "https://registry.npmjs.org/d3-time/-/d3-time-1.0.6.tgz",
      "integrity": "sha512-q3KwB4LCGmXJqGAzbM0J7mivfa8bYJZU+0Byb9WBuFZMrqwVQNk3x5+B/ye3MUFFL/4tNmcLaexOg7hCfIEO0g==",
      "license": "BSD-3-Clause"
    },
    "node_modules/d3-time-format": {
      "version": "2.0.5",
      "resolved": "https://registry.npmjs.org/d3-time-format/-/d3-time-format-2.0.5.tgz",
      "integrity": "sha512-GeI9vaBqOVw1EPwIfbJQQxwOTK/xyvxBB5hv4Kxfj0sD04hj/GBYpYuj79+eFzlazgBbKsaZFS2E1isqR3PiTg==",
      "license": "BSD-3-Clause",
      "dependencies": {
        "d3-time": "1"
      }
    },
    "node_modules/d3-timer": {
      "version": "1.0.5",
      "resolved": "https://registry.npmjs.org/d3-timer/-/d3-timer-1.0.5.tgz",
      "integrity": "sha512-DL7uuM41Ij+5R6FqBDcrGNxxQ4K7mYWsJjFxGLJN7mrrX4nh+g9VazqzR237kG5itxKjLpqOwEzDVnX6EU7cOw==",
      "license": "BSD-3-Clause"
    },
    "node_modules/d3-transition": {
      "version": "1.0.4",
      "resolved": "https://registry.npmjs.org/d3-transition/-/d3-transition-1.0.4.tgz",
      "integrity": "sha512-OWM1+Jhr97HDnlN+rb8iGehQVY3YK4dhownXxsLmO/P5RA4Tl09PkHVsuKPnSEgUlbO9QKLejXkTOxIbbZwzLg==",
      "license": "BSD-3-Clause",
      "dependencies": {
        "d3-color": "1",
        "d3-dispatch": "1",
        "d3-ease": "1",
        "d3-interpolate": "1",
        "d3-selection": "1",
        "d3-timer": "1"
      }
    },
    "node_modules/d3-voronoi": {
      "version": "1.1.2",
      "resolved": "https://registry.npmjs.org/d3-voronoi/-/d3-voronoi-1.1.2.tgz",
      "integrity": "sha512-RhGS1u2vavcO7ay7ZNAPo4xeDh/VYeGof3x5ZLJBQgYhLegxr3s5IykvWmJ94FTU6mcbtp4sloqZ54mP6R4Utw==",
      "license": "BSD-3-Clause"
    },
    "node_modules/d3-zoom": {
      "version": "1.1.4",
      "resolved": "https://registry.npmjs.org/d3-zoom/-/d3-zoom-1.1.4.tgz",
      "integrity": "sha512-C+2s7ADiDcd1UO1SZZ7mjZbYEFS+9hE7113G4XiRGYzQWe6l10PTSVWMyUJuEaiKw6vHrI2jx6IBjb2AguXIlw==",
      "license": "BSD-3-Clause",
      "dependencies": {
        "d3-dispatch": "1",
        "d3-drag": "1",
        "d3-interpolate": "1",
        "d3-selection": "1",
        "d3-transition": "1"
      }
    },
    "node_modules/esbuild": {
      "version": "0.25.5",
      "resolved": "https://registry.npmjs.org/esbuild/-/esbuild-0.25.5.tgz",
      "integrity": "sha512-P8OtKZRv/5J5hhz0cUAdu/cLuPIKXpQl1R9pZtvmHWQvrAUVd0UNIPT4IB4W3rNOqVO0rlqHmCIbSwxh/c9yUQ==",
      "hasInstallScript": true,
      "license": "MIT",
      "bin": {
        "esbuild": "bin/esbuild"
      },
      "engines": {
        "node": ">=18"
      },
      "optionalDependencies": {
        "@esbuild/aix-ppc64": "0.25.5",
        "@esbuild/android-arm": "0.25.5",
        "@esbuild/android-arm64": "0.25.5",
        "@esbuild/android-x64": "0.25.5",
        "@esbuild/darwin-arm64": "0.25.5",
        "@esbuild/darwin-x64": "0.25.5",
        "@esbuild/freebsd-arm64": "0.25.5",
        "@esbuild/freebsd-x64": "0.25.5",
        "@esbuild/linux-arm": "0.25.5",
        "@esbuild/linux-arm64": "0.25.5",
        "@esbuild/linux-ia32": "0.25.5",
        "@esbuild/linux-loong64": "0.25.5",
        "@esbuild/linux-mips64el": "0.25.5",
        "@esbuild/linux-ppc64": "0.25.5",
        "@esbuild/linux-riscv64": "0.25.5",
        "@esbuild/linux-s390x": "0.25.5",
        "@esbuild/linux-x64": "0.25.5",
        "@esbuild/netbsd-arm64": "0.25.5",
        "@esbuild/netbsd-x64": "0.25.5",
        "@esbuild/openbsd-arm64": "0.25.5",
        "@esbuild/openbsd-x64": "0.25.5",
        "@esbuild/sunos-x64": "0.25.5",
        "@esbuild/win32-arm64": "0.25.5",
        "@esbuild/win32-ia32": "0.25.5",
        "@esbuild/win32-x64": "0.25.5"
      }
    },
    "node_modules/iconv-lite": {
      "version": "0.4.24",
      "resolved": "https://registry.npmjs.org/iconv-lite/-/iconv-lite-0.4.24.tgz",
      "integrity": "sha512-v3MXnZAcvnywkTUEZomIActle7RXXeedOR31wwl7VlyoXO4Qi9arvSenNQWne1TcRwhCL1HwLI21bEqdpj8/rA==",
      "license": "MIT",
      "dependencies": {
        "safer-buffer": ">= 2.1.2 < 3"
      },
      "engines": {
        "node": ">=0.10.0"
      }
    },
    "node_modules/rw": {
      "version": "1.3.3",
      "resolved": "https://registry.npmjs.org/rw/-/rw-1.3.3.tgz",
      "integrity": "sha512-PdhdWy89SiZogBLaw42zdeqtRJ//zFd2PgQavcICDUgJT5oW10QCRKbJ6bg4r0/UY2M6BWd5tkxuGFRvCkgfHQ==",
      "license": "BSD-3-Clause"
    },
    "node_modules/safer-buffer": {
      "version": "2.1.2",
      "resolved": "https://registry.npmjs.org/safer-buffer/-/safer-buffer-2.1.2.tgz",
      "integrity": "sha512-YZo3K82SD7Riyi0E1EQPojLz7kpepnSQI9IyPbHHg1XXXevb5dJI7tpyN2ADxGcQbHG7vcyRHk0cbwqcQriUtg==",
      "license": "MIT"
    },
    "node_modules/xmlhttprequest": {
      "version": "1.8.0",
      "resolved": "https://registry.npmjs.org/xmlhttprequest/-/xmlhttprequest-1.8.0.tgz",
      "integrity": "sha512-58Im/U0mlVBLM38NdZjHyhuMtCqa61469k2YP/AaPbvCoV9aQGUpbJBj1QRm2ytRiVQBD/fsw7L2bJGDVQswBA==",
      "license": "MIT",
      "engines": {
        "node": ">=0.4.0"
      }
    }
  }
}
